
Microsoft Visual Studio Solution File, Format Version 12.00
# Visual Studio Version 17
VisualStudioVersion = 17.14.36623.8
MinimumVisualStudioVersion = 10.0.40219.1
Project("{FAE04EC0-301F-11D3-BF4B-00C04F79EFBC}") = "Heimdallr.App", "..\src\Heimdallr.App\Heimdallr.App\Heimdallr.App.csproj", "{F6283FA3-2DAC-4692-9362-C42745EE18BD}"
EndProject
Project("{FAE04EC0-301F-11D3-BF4B-00C04F79EFBC}") = "Heimdallr.UI", "..\src\Heimdallr.UI\Heimdallr.UI\Heimdallr.UI.csproj", "{CAA057F4-BE77-4501-BD22-9976568F2192}"
EndProject
Project("{FAE04EC0-301F-11D3-BF4B-00C04F79EFBC}") = "Tests", "..\tests\Tests\Tests.csproj", "{A7DCBD2B-DA38-452E-9ABD-1FD52B93D37C}"
EndProject
Global
	GlobalSection(SolutionConfigurationPlatforms) = preSolution
		Debug|Any CPU = Debug|Any CPU
		Release|Any CPU = Release|Any CPU
	EndGlobalSection
	GlobalSection(ProjectConfigurationPlatforms) = postSolution
		{F6283FA3-2DAC-4692-9362-C42745EE18BD}.Debug|Any CPU.ActiveCfg = Debug|Any CPU
		{F6283FA3-2DAC-4692-9362-C42745EE18BD}.Debug|Any CPU.Build.0 = Debug|Any CPU
		{F6283FA3-2DAC-4692-9362-C42745EE18BD}.Release|Any CPU.ActiveCfg = Release|Any CPU
		{F6283FA3-2DAC-4692-9362-C42745EE18BD}.Release|Any CPU.Build.0 = Release|Any CPU
		{CAA057F4-BE77-4501-BD22-9976568F2192}.Debug|Any CPU.ActiveCfg = Debug|Any CPU
		{CAA057F4-BE77-4501-BD22-9976568F2192}.Debug|Any CPU.Build.0 = Debug|Any CPU
		{CAA057F4-BE77-4501-BD22-9976568F2192}.Release|Any CPU.ActiveCfg = Release|Any CPU
		{CAA057F4-BE77-4501-BD22-9976568F2192}.Release|Any CPU.Build.0 = Release|Any CPU
		{A7DCBD2B-DA38-452E-9ABD-1FD52B93D37C}.Debug|Any CPU.ActiveCfg = Debug|Any CPU
		{A7DCBD2B-DA38-452E-9ABD-1FD52B93D37C}.Debug|Any CPU.Build.0 = Debug|Any CPU
		{A7DCBD2B-DA38-452E-9ABD-1FD52B93D37C}.Release|Any CPU.ActiveCfg = Release|Any CPU
		{A7DCBD2B-DA38-452E-9ABD-1FD52B93D37C}.Release|Any CPU.Build.0 = Release|Any CPU
	EndGlobalSection
	GlobalSection(SolutionProperties) = preSolution
		HideSolutionNode = FALSE
	EndGlobalSection
	GlobalSection(ExtensibilityGlobals) = postSolution
		SolutionGuid = {923404D4-5EB5-4C86-B64D-1BA9F54DE309}
	EndGlobalSection
EndGlobal
